
Microsoft Visual Studio Solution File, Format Version 12.00
# Visual Studio 15
VisualStudioVersion = 15.0.28010.2019
MinimumVisualStudioVersion = 10.0.40219.1
Project("{FAE04EC0-301F-11D3-BF4B-00C04F79EFBC}") = "Routing", "Routing\Routing.csproj", "{0331A315-02C9-4B8E-B95A-EDF813806FA8}"
EndProject
Project("{FAE04EC0-301F-11D3-BF4B-00C04F79EFBC}") = "Routing.DAL", "Routing.DAL\Routing.DAL.csproj", "{C59F040E-0D45-44F6-8FA2-3D6D241E467C}"
EndProject
Global
	GlobalSection(SolutionConfigurationPlatforms) = preSolution
		Debug|Any CPU = Debug|Any CPU
		Release|Any CPU = Release|Any CPU
	EndGlobalSection
	GlobalSection(ProjectConfigurationPlatforms) = postSolution
		{0331A315-02C9-4B8E-B95A-EDF813806FA8}.Debug|Any CPU.ActiveCfg = Debug|Any CPU
		{0331A315-02C9-4B8E-B95A-EDF813806FA8}.Debug|Any CPU.Build.0 = Debug|Any CPU
		{0331A315-02C9-4B8E-B95A-EDF813806FA8}.Release|Any CPU.ActiveCfg = Release|Any CPU
		{0331A315-02C9-4B8E-B95A-EDF813806FA8}.Release|Any CPU.Build.0 = Release|Any CPU
		{C59F040E-0D45-44F6-8FA2-3D6D241E467C}.Debug|Any CPU.ActiveCfg = Debug|Any CPU
		{C59F040E-0D45-44F6-8FA2-3D6D241E467C}.Debug|Any CPU.Build.0 = Debug|Any CPU
		{C59F040E-0D45-44F6-8FA2-3D6D241E467C}.Release|Any CPU.ActiveCfg = Release|Any CPU
		{C59F040E-0D45-44F6-8FA2-3D6D241E467C}.Release|Any CPU.Build.0 = Release|Any CPU
	EndGlobalSection
	GlobalSection(SolutionProperties) = preSolution
		HideSolutionNode = FALSE
	EndGlobalSection
	GlobalSection(ExtensibilityGlobals) = postSolution
		SolutionGuid = {21E00EC4-C96D-472F-84AA-CC9D1C1673E9}
	EndGlobalSection
EndGlobal
